
Microsoft Visual Studio Solution File, Format Version 12.00
# Visual Studio 2013
VisualStudioVersion = 12.0.21005.1
MinimumVisualStudioVersion = 10.0.40219.1
Project("{FAE04EC0-301F-11D3-BF4B-00C04F79EFBC}") = "HotTowel.Angular", "HotTowel.Angular\HotTowel.Angular.csproj", "{5FBF7A7D-798A-4036-BA8B-6EA3A71ABA5C}"
EndProject
Project("{FAE04EC0-301F-11D3-BF4B-00C04F79EFBC}") = "DomainModel", "DomainModel\DomainModel.csproj", "{C7220158-F1DF-442B-8EE3-AB638C1CAFC5}"
EndProject
Global
	GlobalSection(SolutionConfigurationPlatforms) = preSolution
		Debug|Any CPU = Debug|Any CPU
		Release|Any CPU = Release|Any CPU
	EndGlobalSection
	GlobalSection(ProjectConfigurationPlatforms) = postSolution
		{5FBF7A7D-798A-4036-BA8B-6EA3A71ABA5C}.Debug|Any CPU.ActiveCfg = Debug|Any CPU
		{5FBF7A7D-798A-4036-BA8B-6EA3A71ABA5C}.Debug|Any CPU.Build.0 = Debug|Any CPU
		{5FBF7A7D-798A-4036-BA8B-6EA3A71ABA5C}.Release|Any CPU.ActiveCfg = Release|Any CPU
		{5FBF7A7D-798A-4036-BA8B-6EA3A71ABA5C}.Release|Any CPU.Build.0 = Release|Any CPU
		{C7220158-F1DF-442B-8EE3-AB638C1CAFC5}.Debug|Any CPU.ActiveCfg = Debug|Any CPU
		{C7220158-F1DF-442B-8EE3-AB638C1CAFC5}.Debug|Any CPU.Build.0 = Debug|Any CPU
		{C7220158-F1DF-442B-8EE3-AB638C1CAFC5}.Release|Any CPU.ActiveCfg = Release|Any CPU
		{C7220158-F1DF-442B-8EE3-AB638C1CAFC5}.Release|Any CPU.Build.0 = Release|Any CPU
	EndGlobalSection
	GlobalSection(SolutionProperties) = preSolution
		HideSolutionNode = FALSE
	EndGlobalSection
EndGlobal
